
Microsoft Visual Studio Solution File, Format Version 12.00
# Visual Studio Version 16
VisualStudioVersion = 16.0.31129.286
MinimumVisualStudioVersion = 10.0.40219.1
Project("{FAE04EC0-301F-11D3-BF4B-00C04F79EFBC}") = "TestWindowsApi2", "TestWindowsApi2\TestWindowsApi2.csproj", "{09986439-5C64-4B1F-A4FE-C5190A998C8D}"
EndProject
Global
	GlobalSection(SolutionConfigurationPlatforms) = preSolution
		Debug|Any CPU = Debug|Any CPU
		Release|Any CPU = Release|Any CPU
	EndGlobalSection
	GlobalSection(ProjectConfigurationPlatforms) = postSolution
		{09986439-5C64-4B1F-A4FE-C5190A998C8D}.Debug|Any CPU.ActiveCfg = Debug|Any CPU
		{09986439-5C64-4B1F-A4FE-C5190A998C8D}.Debug|Any CPU.Build.0 = Debug|Any CPU
		{09986439-5C64-4B1F-A4FE-C5190A998C8D}.Release|Any CPU.ActiveCfg = Release|Any CPU
		{09986439-5C64-4B1F-A4FE-C5190A998C8D}.Release|Any CPU.Build.0 = Release|Any CPU
	EndGlobalSection
	GlobalSection(SolutionProperties) = preSolution
		HideSolutionNode = FALSE
	EndGlobalSection
	GlobalSection(ExtensibilityGlobals) = postSolution
		SolutionGuid = {ED7F9B15-A017-45D5-A26D-200349351802}
	EndGlobalSection
EndGlobal
